
Microsoft Visual Studio Solution File, Format Version 12.00
# Visual Studio 2013
VisualStudioVersion = 12.0.31101.0
MinimumVisualStudioVersion = 10.0.40219.1
Project("{FAE04EC0-301F-11D3-BF4B-00C04F79EFBC}") = "Hitcher", "Hitcher\Hitcher.csproj", "{1BC645FB-8F15-457E-A67C-057836F37E23}"
EndProject
Project("{FAE04EC0-301F-11D3-BF4B-00C04F79EFBC}") = "Hitcher.DataAccess", "Hitcher.DataAccess\Hitcher.DataAccess.csproj", "{B31A45F7-F965-4088-8138-64244A6F455C}"
EndProject
Project("{FAE04EC0-301F-11D3-BF4B-00C04F79EFBC}") = "Hitcher.WebJob", "Hitcher.WebJob\Hitcher.WebJob.csproj", "{B033E367-1E91-4E97-81B9-B7A7C127F90B}"
EndProject
Project("{FAE04EC0-301F-11D3-BF4B-00C04F79EFBC}") = "Hitcher.Core", "Hitcher.Core\Hitcher.Core.csproj", "{65C59CF7-4497-4648-A7E8-9ED0A4CBA3B1}"
EndProject
Project("{FAE04EC0-301F-11D3-BF4B-00C04F79EFBC}") = "Hitcher.Core.Tests", "Hitcher.Core.Tests\Hitcher.Core.Tests.csproj", "{9FA07026-FD28-4B28-BBF2-05E475201061}"
EndProject
Project("{2150E333-8FDC-42A3-9474-1A3956D46DE8}") = ".nuget", ".nuget", "{7A7B27C5-6997-443A-BAB8-6A0C33BEBF69}"
	ProjectSection(SolutionItems) = preProject
		.nuget\NuGet.Config = .nuget\NuGet.Config
		.nuget\NuGet.exe = .nuget\NuGet.exe
		.nuget\NuGet.targets = .nuget\NuGet.targets
	EndProjectSection
EndProject
Global
	GlobalSection(SolutionConfigurationPlatforms) = preSolution
		Debug|Any CPU = Debug|Any CPU
		Release|Any CPU = Release|Any CPU
	EndGlobalSection
	GlobalSection(ProjectConfigurationPlatforms) = postSolution
		{1BC645FB-8F15-457E-A67C-057836F37E23}.Debug|Any CPU.ActiveCfg = Debug|Any CPU
		{1BC645FB-8F15-457E-A67C-057836F37E23}.Debug|Any CPU.Build.0 = Debug|Any CPU
		{1BC645FB-8F15-457E-A67C-057836F37E23}.Release|Any CPU.ActiveCfg = Debug|Any CPU
		{1BC645FB-8F15-457E-A67C-057836F37E23}.Release|Any CPU.Build.0 = Debug|Any CPU
		{B31A45F7-F965-4088-8138-64244A6F455C}.Debug|Any CPU.ActiveCfg = Debug|Any CPU
		{B31A45F7-F965-4088-8138-64244A6F455C}.Debug|Any CPU.Build.0 = Debug|Any CPU
		{B31A45F7-F965-4088-8138-64244A6F455C}.Release|Any CPU.ActiveCfg = Debug|Any CPU
		{B31A45F7-F965-4088-8138-64244A6F455C}.Release|Any CPU.Build.0 = Debug|Any CPU
		{B033E367-1E91-4E97-81B9-B7A7C127F90B}.Debug|Any CPU.ActiveCfg = Debug|Any CPU
		{B033E367-1E91-4E97-81B9-B7A7C127F90B}.Debug|Any CPU.Build.0 = Debug|Any CPU
		{B033E367-1E91-4E97-81B9-B7A7C127F90B}.Release|Any CPU.ActiveCfg = Release|Any CPU
		{B033E367-1E91-4E97-81B9-B7A7C127F90B}.Release|Any CPU.Build.0 = Release|Any CPU
		{65C59CF7-4497-4648-A7E8-9ED0A4CBA3B1}.Debug|Any CPU.ActiveCfg = Debug|Any CPU
		{65C59CF7-4497-4648-A7E8-9ED0A4CBA3B1}.Debug|Any CPU.Build.0 = Debug|Any CPU
		{65C59CF7-4497-4648-A7E8-9ED0A4CBA3B1}.Release|Any CPU.ActiveCfg = Release|Any CPU
		{65C59CF7-4497-4648-A7E8-9ED0A4CBA3B1}.Release|Any CPU.Build.0 = Release|Any CPU
		{9FA07026-FD28-4B28-BBF2-05E475201061}.Debug|Any CPU.ActiveCfg = Debug|Any CPU
		{9FA07026-FD28-4B28-BBF2-05E475201061}.Debug|Any CPU.Build.0 = Debug|Any CPU
		{9FA07026-FD28-4B28-BBF2-05E475201061}.Release|Any CPU.ActiveCfg = Release|Any CPU
		{9FA07026-FD28-4B28-BBF2-05E475201061}.Release|Any CPU.Build.0 = Release|Any CPU
	EndGlobalSection
	GlobalSection(SolutionProperties) = preSolution
		HideSolutionNode = FALSE
	EndGlobalSection
EndGlobal
